
Microsoft Visual Studio Solution File, Format Version 12.00
# Visual Studio 2013
VisualStudioVersion = 12.0.40629.0
MinimumVisualStudioVersion = 10.0.40219.1
Project("{8BC9CEB8-8B4A-11D0-8D11-00A0C91BC942}") = "master_server", "master_server.vcxproj", "{DF755F9A-1F6F-408C-B783-CBB1E8D53AD9}"
EndProject
Project("{8BC9CEB8-8B4A-11D0-8D11-00A0C91BC942}") = "common", "..\..\build\common.vcxproj", "{EC9413A4-78AC-449B-9069-DE4875841C0B}"
EndProject
Project("{8BC9CEB8-8B4A-11D0-8D11-00A0C91BC942}") = "master_console", "..\master_console\master_console.vcxproj", "{E60FF543-14B9-4EE0-AC54-9101B70474B1}"
EndProject
Global
	GlobalSection(SolutionConfigurationPlatforms) = preSolution
		Debug|Win32 = Debug|Win32
		LinuxDebug|Win32 = LinuxDebug|Win32
		Release|Win32 = Release|Win32
	EndGlobalSection
	GlobalSection(ProjectConfigurationPlatforms) = postSolution
		{DF755F9A-1F6F-408C-B783-CBB1E8D53AD9}.Debug|Win32.ActiveCfg = Debug|Win32
		{DF755F9A-1F6F-408C-B783-CBB1E8D53AD9}.Debug|Win32.Build.0 = Debug|Win32
		{DF755F9A-1F6F-408C-B783-CBB1E8D53AD9}.LinuxDebug|Win32.ActiveCfg = LinuxDebug|Win32
		{DF755F9A-1F6F-408C-B783-CBB1E8D53AD9}.LinuxDebug|Win32.Build.0 = LinuxDebug|Win32
		{DF755F9A-1F6F-408C-B783-CBB1E8D53AD9}.Release|Win32.ActiveCfg = Release|Win32
		{DF755F9A-1F6F-408C-B783-CBB1E8D53AD9}.Release|Win32.Build.0 = Release|Win32
		{EC9413A4-78AC-449B-9069-DE4875841C0B}.Debug|Win32.ActiveCfg = Debug|Win32
		{EC9413A4-78AC-449B-9069-DE4875841C0B}.Debug|Win32.Build.0 = Debug|Win32
		{EC9413A4-78AC-449B-9069-DE4875841C0B}.LinuxDebug|Win32.ActiveCfg = LinuxDebug|Win32
		{EC9413A4-78AC-449B-9069-DE4875841C0B}.LinuxDebug|Win32.Build.0 = LinuxDebug|Win32
		{EC9413A4-78AC-449B-9069-DE4875841C0B}.Release|Win32.ActiveCfg = Release|Win32
		{EC9413A4-78AC-449B-9069-DE4875841C0B}.Release|Win32.Build.0 = Release|Win32
		{E60FF543-14B9-4EE0-AC54-9101B70474B1}.Debug|Win32.ActiveCfg = Debug|Win32
		{E60FF543-14B9-4EE0-AC54-9101B70474B1}.Debug|Win32.Build.0 = Debug|Win32
		{E60FF543-14B9-4EE0-AC54-9101B70474B1}.LinuxDebug|Win32.ActiveCfg = Debug|Win32
		{E60FF543-14B9-4EE0-AC54-9101B70474B1}.LinuxDebug|Win32.Build.0 = Debug|Win32
		{E60FF543-14B9-4EE0-AC54-9101B70474B1}.Release|Win32.ActiveCfg = Release|Win32
		{E60FF543-14B9-4EE0-AC54-9101B70474B1}.Release|Win32.Build.0 = Release|Win32
	EndGlobalSection
	GlobalSection(SolutionProperties) = preSolution
		HideSolutionNode = FALSE
	EndGlobalSection
EndGlobal
